
Microsoft Visual Studio Solution File, Format Version 12.00
# Visual Studio Version 17
VisualStudioVersion = 17.8.34205.153
MinimumVisualStudioVersion = 10.0.40219.1
Project("{FAE04EC0-301F-11D3-BF4B-00C04F79EFBC}") = "Gallery", "Gallery.csproj", "{24CE09EE-D129-46FE-B1A6-DA07C280A416}"
EndProject
Project("{2150E333-8FDC-42A3-9474-1A3956D46DE8}") = "Solution Items", "Solution Items", "{46685BDB-3B73-4FFF-B4A4-A34124590928}"
	ProjectSection(SolutionItems) = preProject
		..\..\.editorconfig = ..\..\.editorconfig
		..\..\Directory.Build.props = ..\..\Directory.Build.props
		..\..\Directory.Packages.props = ..\..\Directory.Packages.props
		..\..\Settings.XamlStyler = ..\..\Settings.XamlStyler
	EndProjectSection
EndProject
Global
	GlobalSection(SolutionConfigurationPlatforms) = preSolution
		Debug|Any CPU = Debug|Any CPU
		Release|Any CPU = Release|Any CPU
	EndGlobalSection
	GlobalSection(ProjectConfigurationPlatforms) = postSolution
		{24CE09EE-D129-46FE-B1A6-DA07C280A416}.Debug|Any CPU.ActiveCfg = Debug|Any CPU
		{24CE09EE-D129-46FE-B1A6-DA07C280A416}.Debug|Any CPU.Build.0 = Debug|Any CPU
		{24CE09EE-D129-46FE-B1A6-DA07C280A416}.Debug|Any CPU.Deploy.0 = Debug|Any CPU
		{24CE09EE-D129-46FE-B1A6-DA07C280A416}.Release|Any CPU.ActiveCfg = Release|Any CPU
		{24CE09EE-D129-46FE-B1A6-DA07C280A416}.Release|Any CPU.Build.0 = Release|Any CPU
		{24CE09EE-D129-46FE-B1A6-DA07C280A416}.Release|Any CPU.Deploy.0 = Release|Any CPU
	EndGlobalSection
	GlobalSection(SolutionProperties) = preSolution
		HideSolutionNode = FALSE
	EndGlobalSection
	GlobalSection(ExtensibilityGlobals) = postSolution
		SolutionGuid = {5E5343ED-1871-45AB-8B5E-69BA7CF67232}
	EndGlobalSection
EndGlobal
