<Solution>
  <Folder Name="/Solution Items/">
    <File Path="../../.editorconfig" />
    <File Path="../../Directory.Build.props" />
    <File Path="../../Directory.Packages.props" />
    <File Path="../../Settings.XamlStyler" />
  </Folder>
  <Project Path="Quantidade.csproj">
    <Deploy />
  </Project>
</Solution>
